
Microsoft Visual Studio Solution File, Format Version 12.00
# Visual Studio Version 16
VisualStudioVersion = 16.0.31105.61
MinimumVisualStudioVersion = 10.0.40219.1
Project("{9A19103F-16F7-4668-BE54-9A1E7A4F7556}") = "Calculator", "Calculator\Calculator.csproj", "{C0BDA7CB-C4CD-4E7A-8AB6-FF323AE2ED79}"
EndProject
Project("{FAE04EC0-301F-11D3-BF4B-00C04F79EFBC}") = "CalculatorLib", "CalculatorLib\CalculatorLib.csproj", "{AA3A60DC-E889-4EFF-ABD7-D880A75CFE19}"
EndProject
Project("{FAE04EC0-301F-11D3-BF4B-00C04F79EFBC}") = "CalculatorLibTests", "CalculatorLibTests\CalculatorLibTests.csproj", "{1165CEF7-FF25-4E03-85FC-B8416A9CC7C7}"
EndProject
Global
	GlobalSection(SolutionConfigurationPlatforms) = preSolution
		Debug|Any CPU = Debug|Any CPU
		Release|Any CPU = Release|Any CPU
	EndGlobalSection
	GlobalSection(ProjectConfigurationPlatforms) = postSolution
		{C0BDA7CB-C4CD-4E7A-8AB6-FF323AE2ED79}.Debug|Any CPU.ActiveCfg = Debug|Any CPU
		{C0BDA7CB-C4CD-4E7A-8AB6-FF323AE2ED79}.Debug|Any CPU.Build.0 = Debug|Any CPU
		{C0BDA7CB-C4CD-4E7A-8AB6-FF323AE2ED79}.Release|Any CPU.ActiveCfg = Release|Any CPU
		{C0BDA7CB-C4CD-4E7A-8AB6-FF323AE2ED79}.Release|Any CPU.Build.0 = Release|Any CPU
		{AA3A60DC-E889-4EFF-ABD7-D880A75CFE19}.Debug|Any CPU.ActiveCfg = Debug|Any CPU
		{AA3A60DC-E889-4EFF-ABD7-D880A75CFE19}.Debug|Any CPU.Build.0 = Debug|Any CPU
		{AA3A60DC-E889-4EFF-ABD7-D880A75CFE19}.Release|Any CPU.ActiveCfg = Release|Any CPU
		{AA3A60DC-E889-4EFF-ABD7-D880A75CFE19}.Release|Any CPU.Build.0 = Release|Any CPU
		{1165CEF7-FF25-4E03-85FC-B8416A9CC7C7}.Debug|Any CPU.ActiveCfg = Debug|Any CPU
		{1165CEF7-FF25-4E03-85FC-B8416A9CC7C7}.Debug|Any CPU.Build.0 = Debug|Any CPU
		{1165CEF7-FF25-4E03-85FC-B8416A9CC7C7}.Release|Any CPU.ActiveCfg = Release|Any CPU
		{1165CEF7-FF25-4E03-85FC-B8416A9CC7C7}.Release|Any CPU.Build.0 = Release|Any CPU
	EndGlobalSection
	GlobalSection(SolutionProperties) = preSolution
		HideSolutionNode = FALSE
	EndGlobalSection
	GlobalSection(ExtensibilityGlobals) = postSolution
		SolutionGuid = {D8E95ED0-1C54-4359-92EC-4FA5CDF97325}
	EndGlobalSection
EndGlobal
